---
ID: "cf258624-a964-4774-b75a-fbcd8ebb41c3"
Parent: "99ab5ace-15e4-4d48-b91e-d262c02cee7b"
Template: "12aa643a-e325-4871-8d72-6a40947f538e"
Path: /sitecore/content/nov/nov/Data/Modules/About/Events/LAGCOE/D4 Title Block
SharedFields:
- ID: "a4f985d9-98b3-4b52-aaaf-4344f6e747c6"
  Hint: __Workflow
  Value: "{0534B8A3-7D88-4A2D-B2A6-08C7CCCC67AE}"
Languages:
- Language: "en-US"
  Versions:
  - Version: 1
    Fields:
    - ID: "001dd393-96c5-490b-924a-b0f25cd9efd8"
      Hint: __Lock
      Value: <r />
    - ID: "1448f026-9a23-474a-8df4-af591b152850"
      Hint: title
      Value: Visit NOV at Booth #1027
    - ID: "20cce792-a928-4cc0-890c-335dbb42ad4f"
      Hint: body
      Value: |
        <p>LAGCOE's vision is to be a robust, sustainable community of energy companies and volunteers that promotes energy education and awareness, connects businesses with opportunities, and showcases the Gulf Coast&rsquo;s technical innovations to the world.</p>
        <p>October 9 &mdash; 11, 2019 | New Orleans, Louisiana, USA</p>
    - ID: "25bed78c-4957-4165-998a-ca1b52f67497"
      Hint: __Created
      Value: 20190308T191844Z
    - ID: "27443657-cb97-436a-89e0-8c1274f8590e"
      Hint: cta
      Value: |
        <link id="{F06BA428-6FA5-4064-98A3-7A9B466FD604}" querystring="" text="Add to Calendar" url="/sitecore/media library/NOV/Add to Calendar/LAGCOE" title="Add to Calendar" linktype="internal" target="" />
    - ID: "3e431de1-525e-47a3-b6b0-1ccbec3a8c98"
      Hint: __Workflow state
      Value: "{85C553F7-205F-4672-8AD9-95180934AD15}"
    - ID: "52807595-0f8f-4b20-8d2a-cb71d28c6103"
      Hint: __Owner
      Value: |
        sitecore\joannazhu
    - ID: "5dd74568-4d4b-44c1-b513-0af5f4cda34f"
      Hint: __Created by
      Value: |
        sitecore\joannazhu
    - ID: "8cdc337e-a112-42fb-bbb4-4143751e123f"
      Hint: __Revision
      Value: "09f00d6f-4996-480e-9e94-e35269a8393b"
    - ID: "badd9cf9-53e0-4d0c-bcc0-2d784c282f6a"
      Hint: __Updated by
      Value: |
        sitecore\rainerschuhsler
    - ID: "d9cf14b1-fa16-4ba6-9288-e8a174d4d522"
      Hint: __Updated
      Value: 20190710T191318Z
  - Version: 2
    Fields:
    - ID: "001dd393-96c5-490b-924a-b0f25cd9efd8"
      Hint: __Lock
      Value: <r />
    - ID: "1448f026-9a23-474a-8df4-af591b152850"
      Hint: title
      Value: Visit NOV at Booth #1027
    - ID: "20cce792-a928-4cc0-890c-335dbb42ad4f"
      Hint: body
      Value: |
        <p><a rel="noopener noreferrer" href="https://www.lagcoe.com/home-expo" target="_blank">LAGCOE</a>'s vision is to be a robust, sustainable community of energy companies and volunteers that promotes energy education and awareness, connects businesses with opportunities, and showcases the Gulf Coast&rsquo;s technical innovations to the world.</p>
        <p>October 9 &mdash; 11, 2019 | New Orleans, Louisiana, USA</p>
    - ID: "25bed78c-4957-4165-998a-ca1b52f67497"
      Hint: __Created
      Value: 20190308T192400Z
    - ID: "27443657-cb97-436a-89e0-8c1274f8590e"
      Hint: cta
      Value: |
        <link id="{F06BA428-6FA5-4064-98A3-7A9B466FD604}" querystring="" text="Add to Calendar" url="/sitecore/media library/NOV/Add to Calendar/LAGCOE" title="Add to Calendar" linktype="internal" target="" />
    - ID: "3e431de1-525e-47a3-b6b0-1ccbec3a8c98"
      Hint: __Workflow state
      Value: "{85C553F7-205F-4672-8AD9-95180934AD15}"
    - ID: "52807595-0f8f-4b20-8d2a-cb71d28c6103"
      Hint: __Owner
      Value: |
        sitecore\joannazhu
    - ID: "5dd74568-4d4b-44c1-b513-0af5f4cda34f"
      Hint: __Created by
      Value: |
        sitecore\joannazhu
    - ID: "8cdc337e-a112-42fb-bbb4-4143751e123f"
      Hint: __Revision
      Value: "d5ad30a4-49fb-433b-a218-9b4f3dcf17f2"
    - ID: "badd9cf9-53e0-4d0c-bcc0-2d784c282f6a"
      Hint: __Updated by
      Value: |
        sitecore\rainerschuhsler
    - ID: "c8f93afe-bfd4-4e8f-9c61-152559854661"
      Hint: __Valid from
      Value: 20190308T192400Z
    - ID: "d9cf14b1-fa16-4ba6-9288-e8a174d4d522"
      Hint: __Updated
      Value: 20190710T191320Z
  - Version: 3
    Fields:
    - ID: "001dd393-96c5-490b-924a-b0f25cd9efd8"
      Hint: __Lock
      Value: <r />
    - ID: "1448f026-9a23-474a-8df4-af591b152850"
      Hint: title
      Value: Visit NOV at Booth #1027
    - ID: "20cce792-a928-4cc0-890c-335dbb42ad4f"
      Hint: body
      Value: |
        <p><a rel="noopener noreferrer" rel="noopener noreferrer" href="https://www.lagcoe.com/home-expo" target="_blank">LAGCOE</a>'s vision is to be a robust, sustainable community of energy companies and volunteers that promotes energy education and awareness, connects businesses with opportunities, and showcases the Gulf Coast&rsquo;s technical innovations to the world.</p>
        <p>October 9&ndash;11, 2019 | New Orleans, Louisiana, USA</p>
    - ID: "25bed78c-4957-4165-998a-ca1b52f67497"
      Hint: __Created
      Value: 20190426T145650Z
    - ID: "27443657-cb97-436a-89e0-8c1274f8590e"
      Hint: cta
      Value: |
        <link id="{F06BA428-6FA5-4064-98A3-7A9B466FD604}" querystring="" text="Add to Calendar" url="/sitecore/media library/NOV/Add to Calendar/LAGCOE" title="Add to Calendar" linktype="internal" target="" />
    - ID: "3e431de1-525e-47a3-b6b0-1ccbec3a8c98"
      Hint: __Workflow state
      Value: "{85C553F7-205F-4672-8AD9-95180934AD15}"
    - ID: "52807595-0f8f-4b20-8d2a-cb71d28c6103"
      Hint: __Owner
      Value: |
        sitecore\joannazhu
    - ID: "5dd74568-4d4b-44c1-b513-0af5f4cda34f"
      Hint: __Created by
      Value: |
        sitecore\heatherbaxter
    - ID: "8cdc337e-a112-42fb-bbb4-4143751e123f"
      Hint: __Revision
      Value: "979b29d5-f28d-436a-888c-de3dad6874de"
    - ID: "badd9cf9-53e0-4d0c-bcc0-2d784c282f6a"
      Hint: __Updated by
      Value: |
        sitecore\rainerschuhsler
    - ID: "c8f93afe-bfd4-4e8f-9c61-152559854661"
      Hint: __Valid from
      Value: 20190426T145650Z
    - ID: "d9cf14b1-fa16-4ba6-9288-e8a174d4d522"
      Hint: __Updated
      Value: 20190710T191321Z
  - Version: 4
    Fields:
    - ID: "001dd393-96c5-490b-924a-b0f25cd9efd8"
      Hint: __Lock
      Value: <r />
    - ID: "1448f026-9a23-474a-8df4-af591b152850"
      Hint: title
      Value: Visit NOV at Booth #1027
    - ID: "20cce792-a928-4cc0-890c-335dbb42ad4f"
      Hint: body
      Value: |
        <p><a rel="noopener noreferrer" rel="noopener noreferrer" href="https://www.lagcoe.com/home-expo" target="_blank">LAGCOE</a>'s vision is to be a robust, sustainable community of energy companies and volunteers that promotes energy education and awareness, connects businesses with opportunities, and showcases the Gulf Coast&rsquo;s technical innovations to the world.</p>
        <p>October 9&ndash;11, 2019 | New Orleans, Louisiana, USA</p>
    - ID: "25bed78c-4957-4165-998a-ca1b52f67497"
      Hint: __Created
      Value: 20190427T235331Z
    - ID: "27443657-cb97-436a-89e0-8c1274f8590e"
      Hint: cta
      Value: |
        <link id="{F06BA428-6FA5-4064-98A3-7A9B466FD604}" querystring="" text="Add to Calendar" url="/sitecore/media library/NOV/Add to Calendar/LAGCOE" title="Add to Calendar" linktype="internal" target="" />
    - ID: "3e431de1-525e-47a3-b6b0-1ccbec3a8c98"
      Hint: __Workflow state
      Value: "{85C553F7-205F-4672-8AD9-95180934AD15}"
    - ID: "52807595-0f8f-4b20-8d2a-cb71d28c6103"
      Hint: __Owner
      Value: |
        sitecore\joannazhu
    - ID: "5dd74568-4d4b-44c1-b513-0af5f4cda34f"
      Hint: __Created by
      Value: |
        sitecore\verticachang
    - ID: "8cdc337e-a112-42fb-bbb4-4143751e123f"
      Hint: __Revision
      Value: "f4a9bd53-fbfe-4087-aee2-ac1ac7646284"
    - ID: "badd9cf9-53e0-4d0c-bcc0-2d784c282f6a"
      Hint: __Updated by
      Value: |
        sitecore\rainerschuhsler
    - ID: "c8f93afe-bfd4-4e8f-9c61-152559854661"
      Hint: __Valid from
      Value: 20190427T235331Z
    - ID: "d9cf14b1-fa16-4ba6-9288-e8a174d4d522"
      Hint: __Updated
      Value: 20190710T191322Z
  - Version: 5
    Fields:
    - ID: "001dd393-96c5-490b-924a-b0f25cd9efd8"
      Hint: __Lock
      Value: <r />
    - ID: "1448f026-9a23-474a-8df4-af591b152850"
      Hint: title
      Value: Visit NOV at Booth #1027
    - ID: "20cce792-a928-4cc0-890c-335dbb42ad4f"
      Hint: body
      Value: |
        <p>Louisiana Gulf Coast Oil Exposition (<a rel="noopener noreferrer" href="https://www.lagcoe.com/home-expo" target="_blank">LAGCOE</a>)'s vision is to be a robust, sustainable community of energy companies and volunteers that promotes energy education and awareness, connects businesses with opportunities, and showcases the Gulf Coast’s technical innovations to the world.</p>
        <p>October 9–11, 2019 | New Orleans, Louisiana, USA</p>
    - ID: "25bed78c-4957-4165-998a-ca1b52f67497"
      Hint: __Created
      Value: 20190605T192244Z
    - ID: "27443657-cb97-436a-89e0-8c1274f8590e"
      Hint: cta
      Value: |
        <link id="{F06BA428-6FA5-4064-98A3-7A9B466FD604}" querystring="" text="Add to Calendar" url="/sitecore/media library/NOV/Add to Calendar/LAGCOE" title="Add to Calendar" linktype="internal" target="" />
    - ID: "3e431de1-525e-47a3-b6b0-1ccbec3a8c98"
      Hint: __Workflow state
      Value: "{85C553F7-205F-4672-8AD9-95180934AD15}"
    - ID: "52807595-0f8f-4b20-8d2a-cb71d28c6103"
      Hint: __Owner
      Value: |
        sitecore\joannazhu
    - ID: "5dd74568-4d4b-44c1-b513-0af5f4cda34f"
      Hint: __Created by
      Value: |
        sitecore\joannazhu
    - ID: "8cdc337e-a112-42fb-bbb4-4143751e123f"
      Hint: __Revision
      Value: "5cdcae82-82d6-469d-8bc7-8e0cc13a7bb0"
    - ID: "badd9cf9-53e0-4d0c-bcc0-2d784c282f6a"
      Hint: __Updated by
      Value: |
        sitecore\rainerschuhsler
    - ID: "c8f93afe-bfd4-4e8f-9c61-152559854661"
      Hint: __Valid from
      Value: 20190605T192244Z
    - ID: "d9cf14b1-fa16-4ba6-9288-e8a174d4d522"
      Hint: __Updated
      Value: 20190710T191323Z
  - Version: 6
    Fields:
    - ID: "001dd393-96c5-490b-924a-b0f25cd9efd8"
      Hint: __Lock
      Value: <r />
    - ID: "1448f026-9a23-474a-8df4-af591b152850"
      Hint: title
      Value: Visit NOV at Booth #1027
    - ID: "20cce792-a928-4cc0-890c-335dbb42ad4f"
      Hint: body
      Value: |
        <p>The vision of <a rel="noopener noreferrer" href="https://www.lagcoe.com/home-expo" target="_blank">Louisiana Gulf Coast Oil Exposition</a> (LAGCOE) is to be a robust, sustainable community of energy companies and volunteers that promotes energy education and awareness, connects businesses with opportunities, and showcases the Gulf Coast’s technical innovations to the world.</p>
        <p>October 9–11, 2019 | New Orleans, Louisiana, USA</p>
    - ID: "25bed78c-4957-4165-998a-ca1b52f67497"
      Hint: __Created
      Value: 20190605T192742Z
    - ID: "27443657-cb97-436a-89e0-8c1274f8590e"
      Hint: cta
      Value: |
        <link id="{F06BA428-6FA5-4064-98A3-7A9B466FD604}" querystring="" text="Add to Calendar" url="/sitecore/media library/NOV/Add to Calendar/LAGCOE" title="Add to Calendar" linktype="internal" target="" />
    - ID: "3e431de1-525e-47a3-b6b0-1ccbec3a8c98"
      Hint: __Workflow state
      Value: "{85C553F7-205F-4672-8AD9-95180934AD15}"
    - ID: "52807595-0f8f-4b20-8d2a-cb71d28c6103"
      Hint: __Owner
      Value: |
        sitecore\joannazhu
    - ID: "5dd74568-4d4b-44c1-b513-0af5f4cda34f"
      Hint: __Created by
      Value: |
        sitecore\joannazhu
    - ID: "8cdc337e-a112-42fb-bbb4-4143751e123f"
      Hint: __Revision
      Value: "f62dbb72-f2c4-4542-8e4e-43f89addcc63"
    - ID: "badd9cf9-53e0-4d0c-bcc0-2d784c282f6a"
      Hint: __Updated by
      Value: |
        sitecore\rainerschuhsler
    - ID: "c8f93afe-bfd4-4e8f-9c61-152559854661"
      Hint: __Valid from
      Value: 20190605T192742Z
    - ID: "d9cf14b1-fa16-4ba6-9288-e8a174d4d522"
      Hint: __Updated
      Value: 20190710T191324Z
