---
ID: "9c9e9255-c88a-4704-9df8-05b56d17b9d5"
Parent: "d7e10f24-ed2e-43f4-87e3-85ad9e51f880"
Template: "12aa643a-e325-4871-8d72-6a40947f538e"
Path: /sitecore/content/nov/nov/Data/Modules/Products/WBT/WellSite Services/VSM 300 Shale Shaker/D4 Title Block
SharedFields:
- ID: "a4f985d9-98b3-4b52-aaaf-4344f6e747c6"
  Hint: __Workflow
  Value: "{0534B8A3-7D88-4A2D-B2A6-08C7CCCC67AE}"
