---
ID: "4a571ac4-f16e-4dbc-9ab4-fa001f14392d"
Parent: "3127fd4b-e354-4f0a-a7f5-8018daf75757"
Template: "12aa643a-e325-4871-8d72-6a40947f538e"
Path: /sitecore/content/nov/nov/Data/Modules/Capability/Digital Oilfield/Digital Oilfield_D4 Title Block
SharedFields:
- ID: "a4f985d9-98b3-4b52-aaaf-4344f6e747c6"
  Hint: __Workflow
  Value: "{0534B8A3-7D88-4A2D-B2A6-08C7CCCC67AE}"
Languages:
- Language: "en-US"
  Versions:
  - Version: 1
    Fields:
    - ID: "001dd393-96c5-490b-924a-b0f25cd9efd8"
      Hint: __Lock
      Value: <r />
    - ID: "1448f026-9a23-474a-8df4-af591b152850"
      Hint: title
      Value: Discover the Value in Your Data
    - ID: "20cce792-a928-4cc0-890c-335dbb42ad4f"
      Hint: body
      Value: "<p>Access NOV, our data visualization and intelligence platform, is a purpose-built solution for discovering the value in your data. Through sensor networks and edge devices, data from every leg in the exploration and production journey are collected and visualized in Access NOV. Discover how Access NOV improves your operational goals and reduces your equipment maintenance costs.</p>"
    - ID: "25bed78c-4957-4165-998a-ca1b52f67497"
      Hint: __Created
      Value: 20191107T213134Z
    - ID: "27443657-cb97-436a-89e0-8c1274f8590e"
      Hint: cta
      Value: |
        <link text="Learn more" linktype="external" url="https://access.nov.com/" anchor="" target="" />
    - ID: "3e431de1-525e-47a3-b6b0-1ccbec3a8c98"
      Hint: __Workflow state
      Value: "{8B87E652-E3F7-4C54-BDD9-66E1B888FF8B}"
    - ID: "52807595-0f8f-4b20-8d2a-cb71d28c6103"
      Hint: __Owner
      Value: |
        sitecore\heatherbaxter
    - ID: "5dd74568-4d4b-44c1-b513-0af5f4cda34f"
      Hint: __Created by
      Value: |
        sitecore\heatherbaxter
    - ID: "8cdc337e-a112-42fb-bbb4-4143751e123f"
      Hint: __Revision
      Value: "df920be1-d102-4856-af73-9893258e5a88"
    - ID: "badd9cf9-53e0-4d0c-bcc0-2d784c282f6a"
      Hint: __Updated by
      Value: |
        sitecore\charisgamroth
    - ID: "d9cf14b1-fa16-4ba6-9288-e8a174d4d522"
      Hint: __Updated
      Value: 20191112T201405Z
