---
ID: "f6988ca1-8f6a-4235-8851-39729ddf65b4"
Parent: "e026d29e-2289-4e21-9e5d-73a5548b46f4"
Template: "04646a89-996f-4ee7-878a-ffdbf1f0ef0d"
Path: /sitecore/layout/Renderings/Project/nov/NOV Com/Modules/StatsBlock
SharedFields:
- ID: "037fe404-dd19-4bf7-8e30-4dadf68b27b0"
  Hint: componentName
  Value: StatsBlock
- ID: "17bb046a-a32a-41b3-8315-81217947611b"
  Hint: ComponentQuery
  Value: |
    query HoverImage($datasource: String!, $language: String!) {
      item(path: $datasource, language: $language) {
      ... on StatBlock{
        statCTA1{
          anchor,
          url,
          text,
          linkType
        },
        statCTA2{
           anchor,
          url,
          text,
          linkType
        },
        statCTA3{
           anchor,
          url,
          text,
          linkType
        },
        statNumber1{
          value
        },
        statText2{
          value
        },
        statText3{
          value
        }
      }
      }
    }
    
- ID: "1a7c85e5-dc0b-490d-9187-bb1dbcb4c72f"
  Hint: Datasource Template
  Value: /sitecore/templates/Project/nov/NOV Com/Modules/Stat Block
- ID: "3ad2506a-dc39-4b1e-959f-9d524addbf50"
  Hint: VaryByParm
  Value: 1
- ID: "3d08db46-2267-41b0-bc52-be69fd618633"
  Hint: Cacheable
  Value: 1
- ID: "8b6d532b-6128-4486-a044-ca06d90948ba"
  Hint: VaryByData
  Value: 1
- ID: "a2f5d9df-8cba-4a1d-99eb-51acb94cb057"
  Hint: Page Editor Buttons
  Value: "{79B512AC-73E1-489A-8F8A-A807992EB6D4}"
- ID: "a77e8568-1ab3-44f1-a664-b7c37ec7810d"
  Hint: Parameters Template
  Value: "{0D856A2F-E817-46AE-91B7-8158B018D99F}"
- ID: "b5b27af1-25ef-405c-87ce-369b3a004016"
  Hint: Datasource Location
  Value: "query:./ancestor::*[@@templateid='{27F15A8D-52B6-4041-8CCE-3BF06E779396}']/*[@@templateid='{F01F683A-767B-4AC4-8EBC-04B38472A649}']"
- ID: "ba3f86a2-4a1c-4d78-b63d-91c2779c1b5e"
  Hint: __Sortorder
  Value: 700
- ID: "c7c26117-dbb1-42b2-ab5e-f7223845cca3"
  Hint: __Thumbnail
  Value: |
    <image mediaid="{945FA1AF-0074-4CA3-A9A9-F735F4CD464B}" />
Languages:
- Language: en
  Fields:
  - ID: "b5e02ad9-d56f-4c41-a065-a133db87bdeb"
    Hint: __Display name
    Value: 
  Versions:
  - Version: 1
    Fields:
    - ID: "25bed78c-4957-4165-998a-ca1b52f67497"
      Hint: __Created
      Value: 20181204T012122Z
    - ID: "52807595-0f8f-4b20-8d2a-cb71d28c6103"
      Hint: __Owner
      Value: |
        sitecore\ashwin
    - ID: "5dd74568-4d4b-44c1-b513-0af5f4cda34f"
      Hint: __Created by
      Value: |
        sitecore\ashwin
    - ID: "8cdc337e-a112-42fb-bbb4-4143751e123f"
      Hint: __Revision
      Value: "2c724d73-fe4a-4777-85c8-f8b4e8b48f64"
    - ID: "badd9cf9-53e0-4d0c-bcc0-2d784c282f6a"
      Hint: __Updated by
      Value: |
        sitecore\varalakshmi.md@horizontal.com
    - ID: "d9cf14b1-fa16-4ba6-9288-e8a174d4d522"
      Hint: __Updated
      Value: 20230710T153545Z
- Language: "en-US"
  Fields:
  - ID: "b5e02ad9-d56f-4c41-a065-a133db87bdeb"
    Hint: __Display name
    Value: D2 Stats Block
  Versions:
  - Version: 1
    Fields:
    - ID: "25bed78c-4957-4165-998a-ca1b52f67497"
      Hint: __Created
      Value: 20181018T143253Z
    - ID: "52807595-0f8f-4b20-8d2a-cb71d28c6103"
      Hint: __Owner
      Value: |
        sitecore\ashwin
    - ID: "5dd74568-4d4b-44c1-b513-0af5f4cda34f"
      Hint: __Created by
      Value: |
        sitecore\ashwin
    - ID: "8cdc337e-a112-42fb-bbb4-4143751e123f"
      Hint: __Revision
      Value: "f416b55f-4c7d-4fc0-a8e2-8ba988888910"
    - ID: "badd9cf9-53e0-4d0c-bcc0-2d784c282f6a"
      Hint: __Updated by
      Value: |
        sitecore\rangre@horizontal.com
    - ID: "d9cf14b1-fa16-4ba6-9288-e8a174d4d522"
      Hint: __Updated
      Value: 20230809T110848Z
