---
ID: "eaefe2d3-091c-438e-9b07-903f732d1754"
Parent: "e026d29e-2289-4e21-9e5d-73a5548b46f4"
Template: "04646a89-996f-4ee7-878a-ffdbf1f0ef0d"
Path: /sitecore/layout/Renderings/Project/nov/NOV Com/Modules/TitleBlock
SharedFields:
- ID: "037fe404-dd19-4bf7-8e30-4dadf68b27b0"
  Hint: componentName
  Value: TitleBlock
- ID: "069a8361-b1cd-437c-8c32-a3be78941446"
  Hint: Placeholders
  Value: "{105FAFDC-847D-449C-B1AE-4FBA8AEA05AD}"
- ID: "1a7c85e5-dc0b-490d-9187-bb1dbcb4c72f"
  Hint: Datasource Template
  Value: /sitecore/templates/Project/nov/NOV Com/Modules/Title Block
- ID: "3ad2506a-dc39-4b1e-959f-9d524addbf50"
  Hint: VaryByParm
  Value: 1
- ID: "3d08db46-2267-41b0-bc52-be69fd618633"
  Hint: Cacheable
  Value: 1
- ID: "8b6d532b-6128-4486-a044-ca06d90948ba"
  Hint: VaryByData
  Value: 1
- ID: "a2f5d9df-8cba-4a1d-99eb-51acb94cb057"
  Hint: Page Editor Buttons
  Value: "{CC9317D3-30CA-44AA-9C6B-D3660C6FB59E}"
- ID: "a77e8568-1ab3-44f1-a664-b7c37ec7810d"
  Hint: Parameters Template
  Value: "{03066181-2811-4EB8-9A31-3F5BADD694D1}"
- ID: "b5b27af1-25ef-405c-87ce-369b3a004016"
  Hint: Datasource Location
  Value: "query:./ancestor::*[@@templateid='{27F15A8D-52B6-4041-8CCE-3BF06E779396}']/*[@@templateid='{F01F683A-767B-4AC4-8EBC-04B38472A649}']"
- ID: "ba3f86a2-4a1c-4d78-b63d-91c2779c1b5e"
  Hint: __Sortorder
  Value: 1000
- ID: "c7c26117-dbb1-42b2-ab5e-f7223845cca3"
  Hint: __Thumbnail
  Value: |
    <image mediaid="{88F57163-97FC-4AB4-B44A-0E86F1547AB7}" />
Languages:
- Language: en
  Fields:
  - ID: "b5e02ad9-d56f-4c41-a065-a133db87bdeb"
    Hint: __Display name
    Value: 
  Versions:
  - Version: 1
    Fields:
    - ID: "25bed78c-4957-4165-998a-ca1b52f67497"
      Hint: __Created
      Value: 20181204T012131Z
    - ID: "52807595-0f8f-4b20-8d2a-cb71d28c6103"
      Hint: __Owner
      Value: |
        sitecore\ashwin
    - ID: "5dd74568-4d4b-44c1-b513-0af5f4cda34f"
      Hint: __Created by
      Value: |
        sitecore\ashwin
    - ID: "8cdc337e-a112-42fb-bbb4-4143751e123f"
      Hint: __Revision
      Value: "09c664f7-e17a-4f64-9ae6-abad51dc00f8"
    - ID: "badd9cf9-53e0-4d0c-bcc0-2d784c282f6a"
      Hint: __Updated by
      Value: |
        sitecore\kMHhOfdnMf
    - ID: "d9cf14b1-fa16-4ba6-9288-e8a174d4d522"
      Hint: __Updated
      Value: 20230802T074351Z
- Language: "en-US"
  Fields:
  - ID: "b5e02ad9-d56f-4c41-a065-a133db87bdeb"
    Hint: __Display name
    Value: D4 Title Block
  Versions:
  - Version: 1
    Fields:
    - ID: "25bed78c-4957-4165-998a-ca1b52f67497"
      Hint: __Created
      Value: 20181019T151051Z
    - ID: "52807595-0f8f-4b20-8d2a-cb71d28c6103"
      Hint: __Owner
      Value: |
        sitecore\ashwin
    - ID: "5dd74568-4d4b-44c1-b513-0af5f4cda34f"
      Hint: __Created by
      Value: |
        sitecore\ashwin
    - ID: "8cdc337e-a112-42fb-bbb4-4143751e123f"
      Hint: __Revision
      Value: "9b83c67a-4375-4340-ae8f-f7c5f81cce74"
    - ID: "badd9cf9-53e0-4d0c-bcc0-2d784c282f6a"
      Hint: __Updated by
      Value: |
        sitecore\ashwin
    - ID: "d9cf14b1-fa16-4ba6-9288-e8a174d4d522"
      Hint: __Updated
      Value: 20190520T182324Z
