---
ID: "14b8efe0-403b-4df7-8dae-7262bea1c446"
Parent: "88882624-f8a9-4a19-a02a-e36e5681f6c9"
Template: "12aa643a-e325-4871-8d72-6a40947f538e"
Path: /sitecore/content/nov/nov/Data/Modules/Misc/Rainer/T8 Standard Page/D4 Title Block
SharedFields:
- ID: "a4f985d9-98b3-4b52-aaaf-4344f6e747c6"
  Hint: __Workflow
  Value: "{0534B8A3-7D88-4A2D-B2A6-08C7CCCC67AE}"
- ID: "ba3f86a2-4a1c-4d78-b63d-91c2779c1b5e"
  Hint: __Sortorder
  Value: 2100
Languages:
- Language: "en-US"
  Versions:
  - Version: 1
    Fields:
    - ID: "1448f026-9a23-474a-8df4-af591b152850"
      Hint: title
      Value: Title Block
    - ID: "20cce792-a928-4cc0-890c-335dbb42ad4f"
      Hint: body
      Value: <p>Lorem ipsum dolor sit amet, consectetur adipiscing elit, aene an euismod bibendum laoreet. Proin gravida dolor sit amet lacus accumsan et viverra justo commodo.</p>
    - ID: "25bed78c-4957-4165-998a-ca1b52f67497"
      Hint: __Created
      Value: 20190109T092636Z
    - ID: "27443657-cb97-436a-89e0-8c1274f8590e"
      Hint: cta
      Value: 
    - ID: "3e431de1-525e-47a3-b6b0-1ccbec3a8c98"
      Hint: __Workflow state
      Value: "{37CE6828-491E-4AF1-A858-254564BEE5B8}"
    - ID: "52807595-0f8f-4b20-8d2a-cb71d28c6103"
      Hint: __Owner
      Value: |
        sitecore\mathias
    - ID: "5dd74568-4d4b-44c1-b513-0af5f4cda34f"
      Hint: __Created by
      Value: |
        sitecore\mathias
    - ID: "8cdc337e-a112-42fb-bbb4-4143751e123f"
      Hint: __Revision
      Value: "d3877b54-d160-4d70-8281-e9f97573d34d"
    - ID: "badd9cf9-53e0-4d0c-bcc0-2d784c282f6a"
      Hint: __Updated by
      Value: |
        sitecore\admin
    - ID: "c8f93afe-bfd4-4e8f-9c61-152559854661"
      Hint: __Valid from
      Value: 20190109T092636Z
    - ID: "d9cf14b1-fa16-4ba6-9288-e8a174d4d522"
      Hint: __Updated
      Value: 20190214T212120Z
