---
ID: "6eb6d931-8d36-4742-9eb2-f52860719a46"
Parent: "158a74cf-abeb-413f-9480-b2acedc9c920"
Template: "3490d77c-3109-4227-aac8-eec146d6deae"
Path: /sitecore/content/nov/nov/Data/Modules/Stories/A Lighter Heart for a Heavy Lifter/A Lighter Heart for a Heavy Lifter D2 Stats Block
SharedFields:
- ID: "a4f985d9-98b3-4b52-aaaf-4344f6e747c6"
  Hint: __Workflow
  Value: "{0534B8A3-7D88-4A2D-B2A6-08C7CCCC67AE}"
Languages:
- Language: "en-US"
  Versions:
  - Version: 1
    Fields:
    - ID: "001dd393-96c5-490b-924a-b0f25cd9efd8"
      Hint: __Lock
      Value: <r />
    - ID: "25bed78c-4957-4165-998a-ca1b52f67497"
      Hint: __Created
      Value: 20190416T133203Z
    - ID: "2c1547b1-0d5d-4f66-b346-0d0ce2504402"
      Hint: statNumber1
      Value: 5 miles
    - ID: "3e431de1-525e-47a3-b6b0-1ccbec3a8c98"
      Hint: __Workflow state
      Value: "{85C553F7-205F-4672-8AD9-95180934AD15}"
    - ID: "4879db3c-29c0-47e2-89d0-7d9717700ae6"
      Hint: suffix1
      Value: 
    - ID: "52807595-0f8f-4b20-8d2a-cb71d28c6103"
      Hint: __Owner
      Value: |
        sitecore\charisgamroth
    - ID: "573281ac-6096-486d-b9d6-b9b9b218a5f9"
      Hint: statNumber3
      Value: $50m
    - ID: "5dd74568-4d4b-44c1-b513-0af5f4cda34f"
      Hint: __Created by
      Value: |
        sitecore\charisgamroth
    - ID: "6cd13748-3a28-40b7-b466-5133a52a69f3"
      Hint: statText3
      Value: $50 million potential repair costs saved
    - ID: "8cdc337e-a112-42fb-bbb4-4143751e123f"
      Hint: __Revision
      Value: "a3380d6f-0408-4716-ac8e-3c33479dad94"
    - ID: "badd9cf9-53e0-4d0c-bcc0-2d784c282f6a"
      Hint: __Updated by
      Value: |
        sitecore\charisgamroth
    - ID: "d7f67023-a640-48c1-8897-9110a1bd6131"
      Hint: statNumber2
      Value: 1.42m
    - ID: "d9cf14b1-fa16-4ba6-9288-e8a174d4d522"
      Hint: __Updated
      Value: 20190416T135415Z
    - ID: "e2685495-9a20-4898-981e-87e2e0b541ef"
      Hint: statText2
      Value: 1.42 million pounds saved by using fiberglass over steel
    - ID: "e66bd6f6-c21c-4648-af6e-9ea4084a4027"
      Hint: statText1
      Value: "Five miles of fiberglass piping in the corrosion-resistant ballast system"
  - Version: 2
    Fields:
    - ID: "001dd393-96c5-490b-924a-b0f25cd9efd8"
      Hint: __Lock
      Value: <r />
    - ID: "25bed78c-4957-4165-998a-ca1b52f67497"
      Hint: __Created
      Value: 20190614T190841Z
    - ID: "2c1547b1-0d5d-4f66-b346-0d0ce2504402"
      Hint: statNumber1
      Value: 5 mi
    - ID: "3e431de1-525e-47a3-b6b0-1ccbec3a8c98"
      Hint: __Workflow state
      Value: "{85C553F7-205F-4672-8AD9-95180934AD15}"
    - ID: "4879db3c-29c0-47e2-89d0-7d9717700ae6"
      Hint: suffix1
      Value: 
    - ID: "52807595-0f8f-4b20-8d2a-cb71d28c6103"
      Hint: __Owner
      Value: |
        sitecore\charisgamroth
    - ID: "573281ac-6096-486d-b9d6-b9b9b218a5f9"
      Hint: statNumber3
      Value: $50 MM
    - ID: "5dd74568-4d4b-44c1-b513-0af5f4cda34f"
      Hint: __Created by
      Value: |
        sitecore\heatherbaxter
    - ID: "6cd13748-3a28-40b7-b466-5133a52a69f3"
      Hint: statText3
      Value: $50 million potential repair costs saved
    - ID: "8cdc337e-a112-42fb-bbb4-4143751e123f"
      Hint: __Revision
      Value: "b8c21232-2c1b-4620-a8b8-5c9c97e656cc"
    - ID: "badd9cf9-53e0-4d0c-bcc0-2d784c282f6a"
      Hint: __Updated by
      Value: |
        sitecore\heatherbaxter
    - ID: "c8f93afe-bfd4-4e8f-9c61-152559854661"
      Hint: __Valid from
      Value: 20190614T190841Z
    - ID: "d7f67023-a640-48c1-8897-9110a1bd6131"
      Hint: statNumber2
      Value: 1.42 MM
    - ID: "d9cf14b1-fa16-4ba6-9288-e8a174d4d522"
      Hint: __Updated
      Value: 20190614T191554Z
    - ID: "e2685495-9a20-4898-981e-87e2e0b541ef"
      Hint: statText2
      Value: 1.42 million pounds saved by using fiberglass over steel
    - ID: "e66bd6f6-c21c-4648-af6e-9ea4084a4027"
      Hint: statText1
      Value: "5 miles of fiberglass piping in the corrosion-resistant ballast system"
