---
ID: "4fd4017e-5da9-4679-8d91-47b347cf8326"
Parent: "d08f3071-6759-477c-9951-613099772143"
Template: "12aa643a-e325-4871-8d72-6a40947f538e"
Path: /sitecore/content/nov/nov/Data/Modules/Miscellaneous/All Da Modules/D4 Title Block
SharedFields:
- ID: "19b597d3-2edd-4ae2-aefe-4a94c7f10e31"
  Hint: __Source Item
  Value: "sitecore://master/{274BB447-32EB-4791-B569-3F2E71225931}"
- ID: "a4f985d9-98b3-4b52-aaaf-4344f6e747c6"
  Hint: __Workflow
  Value: "{0534B8A3-7D88-4A2D-B2A6-08C7CCCC67AE}"
- ID: "ba3f86a2-4a1c-4d78-b63d-91c2779c1b5e"
  Hint: __Sortorder
  Value: 100
Languages:
- Language: "en-US"
  Versions:
  - Version: 1
    Fields:
    - ID: "001dd393-96c5-490b-924a-b0f25cd9efd8"
      Hint: __Lock
      Value: 
    - ID: "1b86697d-60ca-4d80-83fb-7555a2e6ce1c"
      Hint: __Source
      Value: "sitecore://master/{274BB447-32EB-4791-B569-3F2E71225931}?lang=en-US&ver=1"
    - ID: "25bed78c-4957-4165-998a-ca1b52f67497"
      Hint: __Created
      Value: 20200121T152238Z
    - ID: "3e431de1-525e-47a3-b6b0-1ccbec3a8c98"
      Hint: __Workflow state
      Value: "{37CE6828-491E-4AF1-A858-254564BEE5B8}"
    - ID: "5dd74568-4d4b-44c1-b513-0af5f4cda34f"
      Hint: __Created by
      Value: |
        sitecore\rainerschuhsler
    - ID: "8cdc337e-a112-42fb-bbb4-4143751e123f"
      Hint: __Revision
      Value: "55b4ee0b-fcdb-4c50-8cff-b449aedf5345"
    - ID: "badd9cf9-53e0-4d0c-bcc0-2d784c282f6a"
      Hint: __Updated by
      Value: |
        sitecore\rainerschuhsler
    - ID: "d9cf14b1-fa16-4ba6-9288-e8a174d4d522"
      Hint: __Updated
      Value: 20200122T164603Z
