---
ID: "77052bec-2ebd-4f9b-99de-693cbd958f57"
Parent: "720c1fdf-b284-4f40-a902-5b973058a8f4"
Template: "12aa643a-e325-4871-8d72-6a40947f538e"
Path: /sitecore/content/nov/nov/Data/Modules/Products/WBT/WellSite Services/Rental Generators Canada/Rental Generators Canada D4 Title Block
SharedFields:
- ID: "a4f985d9-98b3-4b52-aaaf-4344f6e747c6"
  Hint: __Workflow
  Value: "{0534B8A3-7D88-4A2D-B2A6-08C7CCCC67AE}"
Languages:
- Language: "en-US"
  Versions:
  - Version: 1
    Fields:
    - ID: "001dd393-96c5-490b-924a-b0f25cd9efd8"
      Hint: __Lock
      Value: <r />
    - ID: "1448f026-9a23-474a-8df4-af591b152850"
      Hint: title
      Value: Find Out More
    - ID: "20cce792-a928-4cc0-890c-335dbb42ad4f"
      Hint: body
      Value: |
        <p>Don't see the information you're looking for here? Contact one of our representatives to learn more about how we can help you.</p>
        <p><strong>For more information call toll free: 1-844-NOV-RENT (1-844-668-7368)</strong></p>
        <p>Calgary, Alberta: 403-264-9646<br />
        Leduc, Alberta: 780-986-6063<br />
        Valleyview, Alberta: 780-524-5801<br />
        Estevan, Saskatchewan: 306-634-5801</p>
    - ID: "25bed78c-4957-4165-998a-ca1b52f67497"
      Hint: __Created
      Value: 20190415T202726Z
    - ID: "3e431de1-525e-47a3-b6b0-1ccbec3a8c98"
      Hint: __Workflow state
      Value: "{85C553F7-205F-4672-8AD9-95180934AD15}"
    - ID: "52807595-0f8f-4b20-8d2a-cb71d28c6103"
      Hint: __Owner
      Value: |
        sitecore\rainerschuhsler
    - ID: "5dd74568-4d4b-44c1-b513-0af5f4cda34f"
      Hint: __Created by
      Value: |
        sitecore\rainerschuhsler
    - ID: "8cdc337e-a112-42fb-bbb4-4143751e123f"
      Hint: __Revision
      Value: "76dc8665-dede-408b-8ba7-9fab2d06ee0f"
    - ID: "badd9cf9-53e0-4d0c-bcc0-2d784c282f6a"
      Hint: __Updated by
      Value: |
        sitecore\rainerschuhsler
    - ID: "d9cf14b1-fa16-4ba6-9288-e8a174d4d522"
      Hint: __Updated
      Value: 20190415T204023Z
  - Version: 2
    Fields:
    - ID: "001dd393-96c5-490b-924a-b0f25cd9efd8"
      Hint: __Lock
      Value: <r />
    - ID: "1448f026-9a23-474a-8df4-af591b152850"
      Hint: title
      Value: Find Out More
    - ID: "20cce792-a928-4cc0-890c-335dbb42ad4f"
      Hint: body
      Value: |
        <p>Don't see the information you're looking for here? Contact one of our representatives to learn more about how we can help you.</p>
        <p><strong>For more information call toll free: <a href="tel:+1-844-668-7368">1-844-NOV-RENT (1-844-668-7368)</a></strong></p>
        <p>Calgary, Alberta: <a href="tel:+1-403-264-9646">(403) 264-9646</a><br />
        Leduc, Alberta: <a href="tel:+1-780-986-6063">(780) 986-6063</a><br />
        Valleyview, Alberta: <a href="tel:+1-780-524-5801">(780) 524-5801</a><br />
        Estevan, Saskatchewan: <a href="tel:+1-306-634-5801">(306) 634-5801</a></p>
    - ID: "25bed78c-4957-4165-998a-ca1b52f67497"
      Hint: __Created
      Value: 20190724T205040Z
    - ID: "3e431de1-525e-47a3-b6b0-1ccbec3a8c98"
      Hint: __Workflow state
      Value: "{85C553F7-205F-4672-8AD9-95180934AD15}"
    - ID: "52807595-0f8f-4b20-8d2a-cb71d28c6103"
      Hint: __Owner
      Value: |
        sitecore\rainerschuhsler
    - ID: "5dd74568-4d4b-44c1-b513-0af5f4cda34f"
      Hint: __Created by
      Value: |
        sitecore\heatherbaxter
    - ID: "8cdc337e-a112-42fb-bbb4-4143751e123f"
      Hint: __Revision
      Value: "f6dc0254-50b4-4765-adc2-c29c7394db88"
    - ID: "badd9cf9-53e0-4d0c-bcc0-2d784c282f6a"
      Hint: __Updated by
      Value: |
        sitecore\heatherbaxter
    - ID: "c8f93afe-bfd4-4e8f-9c61-152559854661"
      Hint: __Valid from
      Value: 20190724T205040Z
    - ID: "d9cf14b1-fa16-4ba6-9288-e8a174d4d522"
      Hint: __Updated
      Value: 20190724T205758Z
