---
ID: "2d01eeac-12ba-493f-ba11-d00f9e5d9c85"
Parent: "d6b5e1b4-f65c-4e72-a774-b5a5ba90a4c0"
Template: "12aa643a-e325-4871-8d72-6a40947f538e"
Path: /sitecore/content/nov/nov/Data/Modules/Products/WBT/Tuboscope/ZapLok Pipeline Connection System/Zaplok2 D4 Title Block
SharedFields:
- ID: "a4f985d9-98b3-4b52-aaaf-4344f6e747c6"
  Hint: __Workflow
  Value: "{0534B8A3-7D88-4A2D-B2A6-08C7CCCC67AE}"
Languages:
- Language: "en-US"
  Versions:
  - Version: 1
    Fields:
    - ID: "001dd393-96c5-490b-924a-b0f25cd9efd8"
      Hint: __Lock
      Value: <r />
    - ID: "1448f026-9a23-474a-8df4-af591b152850"
      Hint: title
      Value: "Zap-Lok and External Coatings"
    - ID: "20cce792-a928-4cc0-890c-335dbb42ad4f"
      Hint: body
      Value: "<p>When working in corrosive environments, extra care must be taken to prevent potential holidays from developing on the protective coating layer during traditional girth welding.&nbsp;By eliminating the welding requirements of exposed bare steel and high-heat, Zap-Lok connections allow a continuous holiday-free coating layer, free from a heat-affected weld zone.</p>"
    - ID: "25bed78c-4957-4165-998a-ca1b52f67497"
      Hint: __Created
      Value: 20190807T142352Z
    - ID: "3e431de1-525e-47a3-b6b0-1ccbec3a8c98"
      Hint: __Workflow state
      Value: "{37CE6828-491E-4AF1-A858-254564BEE5B8}"
    - ID: "52807595-0f8f-4b20-8d2a-cb71d28c6103"
      Hint: __Owner
      Value: |
        sitecore\melissapastrano
    - ID: "5dd74568-4d4b-44c1-b513-0af5f4cda34f"
      Hint: __Created by
      Value: |
        sitecore\melissapastrano
    - ID: "8cdc337e-a112-42fb-bbb4-4143751e123f"
      Hint: __Revision
      Value: "366a0f37-b8ab-41ce-afb6-316c6295fd7d"
    - ID: "badd9cf9-53e0-4d0c-bcc0-2d784c282f6a"
      Hint: __Updated by
      Value: |
        sitecore\melissapastrano
    - ID: "d9cf14b1-fa16-4ba6-9288-e8a174d4d522"
      Hint: __Updated
      Value: 20190807T152420Z
