---
ID: "401b5e4f-8812-477d-b486-6e734831bf48"
Parent: "01763aa1-86e7-4b66-b2b4-a0ec81a91437"
Template: "0fa91444-0757-4105-9640-41f7ed63dea3"
Path: /sitecore/content/nov/nov/Data/Modules/Miscellaneous/test/D8 FAQ Block
SharedFields:
- ID: "a4f985d9-98b3-4b52-aaaf-4344f6e747c6"
  Hint: __Workflow
  Value: "{0534B8A3-7D88-4A2D-B2A6-08C7CCCC67AE}"
Languages:
- Language: "en-US"
  Versions:
  - Version: 1
    Fields:
    - ID: "25bed78c-4957-4165-998a-ca1b52f67497"
      Hint: __Created
      Value: 20191125T185603Z
    - ID: "3e431de1-525e-47a3-b6b0-1ccbec3a8c98"
      Hint: __Workflow state
      Value: "{8B87E652-E3F7-4C54-BDD9-66E1B888FF8B}"
    - ID: "52807595-0f8f-4b20-8d2a-cb71d28c6103"
      Hint: __Owner
      Value: |
        sitecore\rainerschuhsler
    - ID: "5dd74568-4d4b-44c1-b513-0af5f4cda34f"
      Hint: __Created by
      Value: |
        sitecore\rainerschuhsler
    - ID: "8cdc337e-a112-42fb-bbb4-4143751e123f"
      Hint: __Revision
      Value: "63feb6e9-e558-4039-ae01-3e2498836fce"
    - ID: "badd9cf9-53e0-4d0c-bcc0-2d784c282f6a"
      Hint: __Updated by
      Value: |
        sitecore\rainerschuhsler
    - ID: "d9cf14b1-fa16-4ba6-9288-e8a174d4d522"
      Hint: __Updated
      Value: 20191125T185603Z
