---
ID: "1c2b429c-e69c-45f7-b76e-d57fdfe506df"
Parent: "0cdd6961-3587-4371-9784-786cb5901692"
Template: "12aa643a-e325-4871-8d72-6a40947f538e"
Path: /sitecore/content/nov/nov/Data/Modules/Products/CAPS/Intervention and Stimulation Equipment/MISSION Valves and Seats/MISSION Valves and Seats D4 Title Block
SharedFields:
- ID: "a4f985d9-98b3-4b52-aaaf-4344f6e747c6"
  Hint: __Workflow
  Value: "{0534B8A3-7D88-4A2D-B2A6-08C7CCCC67AE}"
Languages:
- Language: "en-US"
  Versions:
  - Version: 1
    Fields:
    - ID: "001dd393-96c5-490b-924a-b0f25cd9efd8"
      Hint: __Lock
      Value: <r />
    - ID: "1448f026-9a23-474a-8df4-af591b152850"
      Hint: title
      Value: "Need technical support or spare parts?"
    - ID: "20cce792-a928-4cc0-890c-335dbb42ad4f"
      Hint: body
      Value: |
        <p>For support on MISSION valves and seats, contact us via email at <a href="mailto:pressurepumping@nov.com">pressurepumping@nov.com</a>.</p>
    - ID: "25bed78c-4957-4165-998a-ca1b52f67497"
      Hint: __Created
      Value: 20200602T220122Z
    - ID: "3e431de1-525e-47a3-b6b0-1ccbec3a8c98"
      Hint: __Workflow state
      Value: "{85C553F7-205F-4672-8AD9-95180934AD15}"
    - ID: "52807595-0f8f-4b20-8d2a-cb71d28c6103"
      Hint: __Owner
      Value: |
        sitecore\rainerschuhsler
    - ID: "5dd74568-4d4b-44c1-b513-0af5f4cda34f"
      Hint: __Created by
      Value: |
        sitecore\rainerschuhsler
    - ID: "8cdc337e-a112-42fb-bbb4-4143751e123f"
      Hint: __Revision
      Value: "bff096a7-7763-4618-8bf3-582cb23419cb"
    - ID: "badd9cf9-53e0-4d0c-bcc0-2d784c282f6a"
      Hint: __Updated by
      Value: |
        sitecore\rainerschuhsler
    - ID: "d9cf14b1-fa16-4ba6-9288-e8a174d4d522"
      Hint: __Updated
      Value: 20200603T152209Z
  - Version: 2
    Fields:
    - ID: "001dd393-96c5-490b-924a-b0f25cd9efd8"
      Hint: __Lock
      Value: <r />
    - ID: "1448f026-9a23-474a-8df4-af591b152850"
      Hint: title
      Value: "Need technical support or spare parts?"
    - ID: "20cce792-a928-4cc0-890c-335dbb42ad4f"
      Hint: body
      Value: |
        <p>For support on MISSION valves and seats, contact us via email at <a href="mailto:pressurepumping@nov.com">pressurepumping@nov.com</a>.</p>
        <p>Another thing.</p>
    - ID: "25bed78c-4957-4165-998a-ca1b52f67497"
      Hint: __Created
      Value: 20200605T142154Z
    - ID: "3e431de1-525e-47a3-b6b0-1ccbec3a8c98"
      Hint: __Workflow state
      Value: "{40251B7D-FBE3-4A0E-8947-D4B4FE8CD782}"
    - ID: "52807595-0f8f-4b20-8d2a-cb71d28c6103"
      Hint: __Owner
      Value: |
        sitecore\rainerschuhsler
    - ID: "5dd74568-4d4b-44c1-b513-0af5f4cda34f"
      Hint: __Created by
      Value: |
        sitecore\rainerschuhsler
    - ID: "8cdc337e-a112-42fb-bbb4-4143751e123f"
      Hint: __Revision
      Value: "e16b9402-a375-4923-a3a6-c4c9284ba31c"
    - ID: "badd9cf9-53e0-4d0c-bcc0-2d784c282f6a"
      Hint: __Updated by
      Value: |
        sitecore\rainerschuhsler
    - ID: "c8f93afe-bfd4-4e8f-9c61-152559854661"
      Hint: __Valid from
      Value: 20200605T142154Z
    - ID: "d9cf14b1-fa16-4ba6-9288-e8a174d4d522"
      Hint: __Updated
      Value: 20200605T142340Z
  - Version: 3
    Fields:
    - ID: "001dd393-96c5-490b-924a-b0f25cd9efd8"
      Hint: __Lock
      Value: <r />
    - ID: "1448f026-9a23-474a-8df4-af591b152850"
      Hint: title
      Value: "Need technical support or spare parts?"
    - ID: "20cce792-a928-4cc0-890c-335dbb42ad4f"
      Hint: body
      Value: |
        <p>For support on MISSION pumps and expendables, contact us via email at <a href="mailto:mission@nov.com.">mission@nov.com.</a></p>
    - ID: "25bed78c-4957-4165-998a-ca1b52f67497"
      Hint: __Created
      Value: 20200605T142456Z
    - ID: "3e431de1-525e-47a3-b6b0-1ccbec3a8c98"
      Hint: __Workflow state
      Value: "{85C553F7-205F-4672-8AD9-95180934AD15}"
    - ID: "52807595-0f8f-4b20-8d2a-cb71d28c6103"
      Hint: __Owner
      Value: |
        sitecore\rainerschuhsler
    - ID: "5dd74568-4d4b-44c1-b513-0af5f4cda34f"
      Hint: __Created by
      Value: |
        sitecore\rainerschuhsler
    - ID: "8cdc337e-a112-42fb-bbb4-4143751e123f"
      Hint: __Revision
      Value: "a6c73934-1fbd-46c7-a459-03d7ac32149f"
    - ID: "badd9cf9-53e0-4d0c-bcc0-2d784c282f6a"
      Hint: __Updated by
      Value: |
        sitecore\kaileyshelton
    - ID: "c8f93afe-bfd4-4e8f-9c61-152559854661"
      Hint: __Valid from
      Value: 20200605T142456Z
    - ID: "d9cf14b1-fa16-4ba6-9288-e8a174d4d522"
      Hint: __Updated
      Value: 20200701T174252Z
