---
ID: "1db03bb7-0da2-4874-adb0-5f1039afc574"
Parent: "b23cd71f-717d-4fed-a192-ba47622e3ff0"
Template: "12aa643a-e325-4871-8d72-6a40947f538e"
Path: /sitecore/content/nov/nov/Data/Modules/Products/CAPS/Completion Tools/Ultra Reach Floatation Collar/D4 Title Block
SharedFields:
- ID: "a4f985d9-98b3-4b52-aaaf-4344f6e747c6"
  Hint: __Workflow
  Value: "{0534B8A3-7D88-4A2D-B2A6-08C7CCCC67AE}"
