---
ID: "830e316a-4821-4db1-96bb-28cac4ec645e"
Parent: "d1db48f4-5847-455e-aa1b-292abbc9d4a0"
Template: "12aa643a-e325-4871-8d72-6a40947f538e"
Path: /sitecore/content/nov/nov/Data/Modules/Products/CAPS/Process and Flow Technologies/Spherical Sand Trap/Spherical Sand Trap Rental Program D4 Title Block
SharedFields:
- ID: "a4f985d9-98b3-4b52-aaaf-4344f6e747c6"
  Hint: __Workflow
  Value: "{0534B8A3-7D88-4A2D-B2A6-08C7CCCC67AE}"
Languages:
- Language: "en-US"
  Versions:
  - Version: 1
    Fields:
    - ID: "001dd393-96c5-490b-924a-b0f25cd9efd8"
      Hint: __Lock
      Value: <r />
    - ID: "1448f026-9a23-474a-8df4-af591b152850"
      Hint: title
      Value: Spherical Sand Trap Rental Program
    - ID: "20cce792-a928-4cc0-890c-335dbb42ad4f"
      Hint: body
      Value: <p>Unpredictable flowback schedules can extend the cost and length of your drillout and production program. Contact us to learn more about how our rental program can control your costs and enable well production more quickly and efficiently.</p>
    - ID: "25bed78c-4957-4165-998a-ca1b52f67497"
      Hint: __Created
      Value: 20200729T191325Z
    - ID: "3e431de1-525e-47a3-b6b0-1ccbec3a8c98"
      Hint: __Workflow state
      Value: "{85C553F7-205F-4672-8AD9-95180934AD15}"
    - ID: "52807595-0f8f-4b20-8d2a-cb71d28c6103"
      Hint: __Owner
      Value: |
        sitecore\kaileyshelton
    - ID: "5dd74568-4d4b-44c1-b513-0af5f4cda34f"
      Hint: __Created by
      Value: |
        sitecore\kaileyshelton
    - ID: "8cdc337e-a112-42fb-bbb4-4143751e123f"
      Hint: __Revision
      Value: "551ddcb5-47f0-43bb-9711-18e9117fb696"
    - ID: "badd9cf9-53e0-4d0c-bcc0-2d784c282f6a"
      Hint: __Updated by
      Value: |
        sitecore\kaileyshelton
    - ID: "d9cf14b1-fa16-4ba6-9288-e8a174d4d522"
      Hint: __Updated
      Value: 20200729T192219Z
  - Version: 2
    Fields:
    - ID: "001dd393-96c5-490b-924a-b0f25cd9efd8"
      Hint: __Lock
      Value: <r />
    - ID: "1448f026-9a23-474a-8df4-af591b152850"
      Hint: title
      Value: 
    - ID: "20cce792-a928-4cc0-890c-335dbb42ad4f"
      Hint: body
      Value: 
    - ID: "25bed78c-4957-4165-998a-ca1b52f67497"
      Hint: __Created
      Value: 20200729T192243Z
    - ID: "3e431de1-525e-47a3-b6b0-1ccbec3a8c98"
      Hint: __Workflow state
      Value: "{85C553F7-205F-4672-8AD9-95180934AD15}"
    - ID: "52807595-0f8f-4b20-8d2a-cb71d28c6103"
      Hint: __Owner
      Value: |
        sitecore\kaileyshelton
    - ID: "5dd74568-4d4b-44c1-b513-0af5f4cda34f"
      Hint: __Created by
      Value: |
        sitecore\kaileyshelton
    - ID: "8cdc337e-a112-42fb-bbb4-4143751e123f"
      Hint: __Revision
      Value: "e997514f-967c-4172-907a-3714d71fccc5"
    - ID: "badd9cf9-53e0-4d0c-bcc0-2d784c282f6a"
      Hint: __Updated by
      Value: |
        sitecore\kaileyshelton
    - ID: "c8f93afe-bfd4-4e8f-9c61-152559854661"
      Hint: __Valid from
      Value: 20200729T192243Z
    - ID: "d9cf14b1-fa16-4ba6-9288-e8a174d4d522"
      Hint: __Updated
      Value: 20200730T132508Z
  - Version: 3
    Fields:
    - ID: "001dd393-96c5-490b-924a-b0f25cd9efd8"
      Hint: __Lock
      Value: <r />
    - ID: "1448f026-9a23-474a-8df4-af591b152850"
      Hint: title
      Value: Spherical Sand Trap Rental Program
    - ID: "20cce792-a928-4cc0-890c-335dbb42ad4f"
      Hint: body
      Value: <p>Unpredictable flowback schedules can extend the cost and length of your drillout and production program. Contact us to learn more about how our rental program can control your costs and enable well production more quickly and efficiently.</p>
    - ID: "25bed78c-4957-4165-998a-ca1b52f67497"
      Hint: __Created
      Value: 20200730T132532Z
    - ID: "3e431de1-525e-47a3-b6b0-1ccbec3a8c98"
      Hint: __Workflow state
      Value: "{85C553F7-205F-4672-8AD9-95180934AD15}"
    - ID: "52807595-0f8f-4b20-8d2a-cb71d28c6103"
      Hint: __Owner
      Value: |
        sitecore\kaileyshelton
    - ID: "5dd74568-4d4b-44c1-b513-0af5f4cda34f"
      Hint: __Created by
      Value: |
        sitecore\kaileyshelton
    - ID: "8cdc337e-a112-42fb-bbb4-4143751e123f"
      Hint: __Revision
      Value: "23f5ed83-23b2-4f3d-8b1c-190fbae536fa"
    - ID: "badd9cf9-53e0-4d0c-bcc0-2d784c282f6a"
      Hint: __Updated by
      Value: |
        sitecore\kaileyshelton
    - ID: "c8f93afe-bfd4-4e8f-9c61-152559854661"
      Hint: __Valid from
      Value: 20200730T132532Z
    - ID: "d9cf14b1-fa16-4ba6-9288-e8a174d4d522"
      Hint: __Updated
      Value: 20200730T132630Z
  - Version: 4
    Fields:
    - ID: "001dd393-96c5-490b-924a-b0f25cd9efd8"
      Hint: __Lock
      Value: <r />
    - ID: "1448f026-9a23-474a-8df4-af591b152850"
      Hint: title
      Value: Spherical Sand Trap Rental Program
    - ID: "20cce792-a928-4cc0-890c-335dbb42ad4f"
      Hint: body
      Value: <p>Unpredictable flowback schedules can extend the cost and length of your drillout and production program. Contact us to learn more about how our rental program can control your costs and enable well production more quickly and efficiently.</p>
    - ID: "25bed78c-4957-4165-998a-ca1b52f67497"
      Hint: __Created
      Value: 20200818T142816Z
    - ID: "27443657-cb97-436a-89e0-8c1274f8590e"
      Hint: cta
      Value: "<link text='Contact Us' linktype='mailto' style='' url='mailto:PF-USA-PFT-General@nov.com?subject=Spherical Sand Trap Rental Program'  title='' />"
    - ID: "3e431de1-525e-47a3-b6b0-1ccbec3a8c98"
      Hint: __Workflow state
      Value: "{85C553F7-205F-4672-8AD9-95180934AD15}"
    - ID: "52807595-0f8f-4b20-8d2a-cb71d28c6103"
      Hint: __Owner
      Value: |
        sitecore\kaileyshelton
    - ID: "5dd74568-4d4b-44c1-b513-0af5f4cda34f"
      Hint: __Created by
      Value: |
        sitecore\kaileyshelton
    - ID: "8cdc337e-a112-42fb-bbb4-4143751e123f"
      Hint: __Revision
      Value: "5373bbac-317f-4106-82db-70fd0e7ef836"
    - ID: "badd9cf9-53e0-4d0c-bcc0-2d784c282f6a"
      Hint: __Updated by
      Value: |
        sitecore\kaileyshelton
    - ID: "c8f93afe-bfd4-4e8f-9c61-152559854661"
      Hint: __Valid from
      Value: 20200818T142816Z
    - ID: "d9cf14b1-fa16-4ba6-9288-e8a174d4d522"
      Hint: __Updated
      Value: 20200818T143041Z
