---
ID: "210379de-1361-4318-a5f1-212d3996d6c8"
Parent: "1b49643e-6b77-4f36-a5db-91aeb1b40b6a"
Template: "12aa643a-e325-4871-8d72-6a40947f538e"
Path: /sitecore/content/nov/nov/Data/Modules/Miscellaneous/Frank/Frank_D4 Title Block
SharedFields:
- ID: "a4f985d9-98b3-4b52-aaaf-4344f6e747c6"
  Hint: __Workflow
  Value: "{0534B8A3-7D88-4A2D-B2A6-08C7CCCC67AE}"
Languages:
- Language: "en-US"
  Versions:
  - Version: 1
    Fields:
    - ID: "001dd393-96c5-490b-924a-b0f25cd9efd8"
      Hint: __Lock
      Value: <r />
    - ID: "1448f026-9a23-474a-8df4-af591b152850"
      Hint: title
      Value: Letters for Frank
    - ID: "20cce792-a928-4cc0-890c-335dbb42ad4f"
      Hint: body
      Value: |
        <p>To keep Frank's memory alive and share the significant impact that he had on those around him, we hope to present his daughters with letters every Father's Day for the next six years. The letters can be about a fond memory, a humorous story ...perhaps something that recounts the essence that made Frank who he uniquely was. Anything is appreciated.</p>
        <p>Please email your letters (preferably in a Word document) to <a href="mailto:LettersforFS@yahoo.com">LettersforFS@yahoo.com</a>.</p>
        <p>&nbsp;</p>
    - ID: "25bed78c-4957-4165-998a-ca1b52f67497"
      Hint: __Created
      Value: 20190603T151754Z
    - ID: "27443657-cb97-436a-89e0-8c1274f8590e"
      Hint: cta
      Value: |
        <link text="Obituary" linktype="external" url="https://www.legacy.com/obituaries/houstonchronicle/obituary.aspx?n=frank-springett&amp;pid=191435725&amp;fhid=10720" anchor="" target="" />
    - ID: "3e431de1-525e-47a3-b6b0-1ccbec3a8c98"
      Hint: __Workflow state
      Value: "{85C553F7-205F-4672-8AD9-95180934AD15}"
    - ID: "52807595-0f8f-4b20-8d2a-cb71d28c6103"
      Hint: __Owner
      Value: |
        sitecore\joannazhu
    - ID: "5dd74568-4d4b-44c1-b513-0af5f4cda34f"
      Hint: __Created by
      Value: |
        sitecore\joannazhu
    - ID: "8cdc337e-a112-42fb-bbb4-4143751e123f"
      Hint: __Revision
      Value: "9d6cde51-4261-4266-9236-9de712886f9b"
    - ID: "badd9cf9-53e0-4d0c-bcc0-2d784c282f6a"
      Hint: __Updated by
      Value: |
        sitecore\joannazhu
    - ID: "d9cf14b1-fa16-4ba6-9288-e8a174d4d522"
      Hint: __Updated
      Value: 20190603T183225Z
  - Version: 2
    Fields:
    - ID: "001dd393-96c5-490b-924a-b0f25cd9efd8"
      Hint: __Lock
      Value: <r />
    - ID: "1448f026-9a23-474a-8df4-af591b152850"
      Hint: title
      Value: Letters for Frank
    - ID: "20cce792-a928-4cc0-890c-335dbb42ad4f"
      Hint: body
      Value: |
        <p>To keep Frank's memory alive and share the significant impact that he had on those around him, we hope to present his daughters with letters every Father's Day for the next six years. The letters can be about a fond memory, a humorous story ...perhaps something that recounts the essence that made Frank who he uniquely was. Anything is appreciated.</p>
        <p>Please email your letters (preferably in a Word document) to <a href="mailto:LettersforFS@yahoo.com">LettersforFS@yahoo.com</a>.</p>
    - ID: "25bed78c-4957-4165-998a-ca1b52f67497"
      Hint: __Created
      Value: 20190603T183515Z
    - ID: "27443657-cb97-436a-89e0-8c1274f8590e"
      Hint: cta
      Value: 
    - ID: "3e431de1-525e-47a3-b6b0-1ccbec3a8c98"
      Hint: __Workflow state
      Value: "{85C553F7-205F-4672-8AD9-95180934AD15}"
    - ID: "52807595-0f8f-4b20-8d2a-cb71d28c6103"
      Hint: __Owner
      Value: |
        sitecore\joannazhu
    - ID: "5dd74568-4d4b-44c1-b513-0af5f4cda34f"
      Hint: __Created by
      Value: |
        sitecore\joannazhu
    - ID: "8cdc337e-a112-42fb-bbb4-4143751e123f"
      Hint: __Revision
      Value: "61703be6-1a5d-42e4-b5c6-c856a74d0f25"
    - ID: "badd9cf9-53e0-4d0c-bcc0-2d784c282f6a"
      Hint: __Updated by
      Value: |
        sitecore\joannazhu
    - ID: "c8f93afe-bfd4-4e8f-9c61-152559854661"
      Hint: __Valid from
      Value: 20190603T183515Z
    - ID: "d9cf14b1-fa16-4ba6-9288-e8a174d4d522"
      Hint: __Updated
      Value: 20190603T183650Z
