---
ID: "c3713181-94f5-4dad-9d72-8e19fcbcab35"
Parent: "13c24c05-f614-41c7-bc28-81214902b852"
Template: "12aa643a-e325-4871-8d72-6a40947f538e"
Path: /sitecore/content/nov/nov/Data/Modules/Miscellaneous/Industry Knowledge/Industry Knowledge_D4 Title Block
SharedFields:
- ID: "a4f985d9-98b3-4b52-aaaf-4344f6e747c6"
  Hint: __Workflow
  Value: "{0534B8A3-7D88-4A2D-B2A6-08C7CCCC67AE}"
Languages:
- Language: "en-US"
  Versions:
  - Version: 1
    Fields:
    - ID: "001dd393-96c5-490b-924a-b0f25cd9efd8"
      Hint: __Lock
      Value: <r />
    - ID: "1448f026-9a23-474a-8df4-af591b152850"
      Hint: title
      Value: We bring energy and integration expertise
    - ID: "20cce792-a928-4cc0-890c-335dbb42ad4f"
      Hint: body
      Value: |
        <p>to strong brands that deliver high-quality, technology driven equipment, services and support. As a strategic partner, we provide knowledge and innovative technology to ensure the success and growth of your business.</p>
        
        <p>Join our industry experts as we explore different applications and market solutions to various industries fundamental to our lives - all without leaving your desk.</p>
    - ID: "25bed78c-4957-4165-998a-ca1b52f67497"
      Hint: __Created
      Value: 20190710T153324Z
    - ID: "3e431de1-525e-47a3-b6b0-1ccbec3a8c98"
      Hint: __Workflow state
      Value: "{85C553F7-205F-4672-8AD9-95180934AD15}"
    - ID: "52807595-0f8f-4b20-8d2a-cb71d28c6103"
      Hint: __Owner
      Value: |
        sitecore\joannazhu
    - ID: "5dd74568-4d4b-44c1-b513-0af5f4cda34f"
      Hint: __Created by
      Value: |
        sitecore\joannazhu
    - ID: "8cdc337e-a112-42fb-bbb4-4143751e123f"
      Hint: __Revision
      Value: "b49469f3-e032-4302-b6a5-698286117496"
    - ID: "badd9cf9-53e0-4d0c-bcc0-2d784c282f6a"
      Hint: __Updated by
      Value: |
        sitecore\joannazhu
    - ID: "d9cf14b1-fa16-4ba6-9288-e8a174d4d522"
      Hint: __Updated
      Value: 20190726T200557Z
  - Version: 2
    Fields:
    - ID: "001dd393-96c5-490b-924a-b0f25cd9efd8"
      Hint: __Lock
      Value: <r />
    - ID: "1448f026-9a23-474a-8df4-af591b152850"
      Hint: title
      Value: Energy and integration expertise
    - ID: "20cce792-a928-4cc0-890c-335dbb42ad4f"
      Hint: body
      Value: |
        <p>We deliver expertise to strong brands that deliver high-quality, technology-driven equipment, services, and support. As a strategic partner, our knowledge and innovative technology ensure the success and growth of your business.</p>
        
        <p>Join our industry experts as we explore different applications and market solutions to various industries fundamental to our lives - all without leaving your desk.</p>
    - ID: "25bed78c-4957-4165-998a-ca1b52f67497"
      Hint: __Created
      Value: 20190822T183900Z
    - ID: "3e431de1-525e-47a3-b6b0-1ccbec3a8c98"
      Hint: __Workflow state
      Value: "{85C553F7-205F-4672-8AD9-95180934AD15}"
    - ID: "52807595-0f8f-4b20-8d2a-cb71d28c6103"
      Hint: __Owner
      Value: |
        sitecore\joannazhu
    - ID: "5dd74568-4d4b-44c1-b513-0af5f4cda34f"
      Hint: __Created by
      Value: |
        sitecore\joannazhu
    - ID: "8cdc337e-a112-42fb-bbb4-4143751e123f"
      Hint: __Revision
      Value: "e55b9fe9-4bb0-42a5-acdf-d98eed157c10"
    - ID: "badd9cf9-53e0-4d0c-bcc0-2d784c282f6a"
      Hint: __Updated by
      Value: |
        sitecore\joannazhu
    - ID: "c8f93afe-bfd4-4e8f-9c61-152559854661"
      Hint: __Valid from
      Value: 20190822T183900Z
    - ID: "d9cf14b1-fa16-4ba6-9288-e8a174d4d522"
      Hint: __Updated
      Value: 20190822T183911Z
  - Version: 3
    Fields:
    - ID: "001dd393-96c5-490b-924a-b0f25cd9efd8"
      Hint: __Lock
      Value: <r />
    - ID: "1448f026-9a23-474a-8df4-af591b152850"
      Hint: title
      Value: Energy and integration expertise
    - ID: "20cce792-a928-4cc0-890c-335dbb42ad4f"
      Hint: body
      Value: |
        <p>We provide expertise to strong brands that deliver high-quality, technology-driven equipment, services, and support. As a strategic partner, our knowledge and innovative technology ensure the success and growth of your business.</p>
        
        <p>Join our industry experts as we explore different applications and market solutions to various industries fundamental to our lives - all without leaving your desk.</p>
    - ID: "25bed78c-4957-4165-998a-ca1b52f67497"
      Hint: __Created
      Value: 20190822T184326Z
    - ID: "3e431de1-525e-47a3-b6b0-1ccbec3a8c98"
      Hint: __Workflow state
      Value: "{85C553F7-205F-4672-8AD9-95180934AD15}"
    - ID: "52807595-0f8f-4b20-8d2a-cb71d28c6103"
      Hint: __Owner
      Value: |
        sitecore\joannazhu
    - ID: "5dd74568-4d4b-44c1-b513-0af5f4cda34f"
      Hint: __Created by
      Value: |
        sitecore\joannazhu
    - ID: "8cdc337e-a112-42fb-bbb4-4143751e123f"
      Hint: __Revision
      Value: "6ace8147-e72d-4fae-b089-5b1aecc6966f"
    - ID: "badd9cf9-53e0-4d0c-bcc0-2d784c282f6a"
      Hint: __Updated by
      Value: |
        sitecore\joannazhu
    - ID: "c8f93afe-bfd4-4e8f-9c61-152559854661"
      Hint: __Valid from
      Value: 20190822T184326Z
    - ID: "d9cf14b1-fa16-4ba6-9288-e8a174d4d522"
      Hint: __Updated
      Value: 20190822T184337Z
